
Microsoft Visual Studio Solution File, Format Version 12.00
# Visual Studio 2013
VisualStudioVersion = 12.0.30501.0
MinimumVisualStudioVersion = 10.0.40219.1
Project("{8BC9CEB8-8B4A-11D0-8D11-00A0C91BC942}") = "Tut4TicTacToe", "Tut4TicTacToe.vcxproj", "{01D5A2D8-941D-4B07-BA05-E756C95E4696}"
EndProject
Global
	GlobalSection(SolutionConfigurationPlatforms) = preSolution
		Debug|Win32 = Debug|Win32
		Release|Win32 = Release|Win32
	EndGlobalSection
	GlobalSection(ProjectConfigurationPlatforms) = postSolution
		{01D5A2D8-941D-4B07-BA05-E756C95E4696}.Debug|Win32.ActiveCfg = Debug|Win32
		{01D5A2D8-941D-4B07-BA05-E756C95E4696}.Debug|Win32.Build.0 = Debug|Win32
		{01D5A2D8-941D-4B07-BA05-E756C95E4696}.Release|Win32.ActiveCfg = Release|Win32
		{01D5A2D8-941D-4B07-BA05-E756C95E4696}.Release|Win32.Build.0 = Release|Win32
	EndGlobalSection
	GlobalSection(SolutionProperties) = preSolution
		HideSolutionNode = FALSE
	EndGlobalSection
EndGlobal
